
Microsoft Visual Studio Solution File, Format Version 12.00
# Visual Studio Version 16
VisualStudioVersion = 16.0.30611.23
MinimumVisualStudioVersion = 10.0.40219.1
Project("{FAE04EC0-301F-11D3-BF4B-00C04F79EFBC}") = "PurseProject", "PurseProject\PurseProject.csproj", "{43747DDD-FDC0-4C9D-9AEF-DBAD0C1F5FF6}"
EndProject
Project("{FAE04EC0-301F-11D3-BF4B-00C04F79EFBC}") = "MoneyLib", "MoneyLib\MoneyLib.csproj", "{8633392E-4E5E-418E-8B76-4759D5E5C22F}"
EndProject
Global
	GlobalSection(SolutionConfigurationPlatforms) = preSolution
		Debug|Any CPU = Debug|Any CPU
		Release|Any CPU = Release|Any CPU
	EndGlobalSection
	GlobalSection(ProjectConfigurationPlatforms) = postSolution
		{43747DDD-FDC0-4C9D-9AEF-DBAD0C1F5FF6}.Debug|Any CPU.ActiveCfg = Debug|Any CPU
		{43747DDD-FDC0-4C9D-9AEF-DBAD0C1F5FF6}.Debug|Any CPU.Build.0 = Debug|Any CPU
		{43747DDD-FDC0-4C9D-9AEF-DBAD0C1F5FF6}.Release|Any CPU.ActiveCfg = Release|Any CPU
		{43747DDD-FDC0-4C9D-9AEF-DBAD0C1F5FF6}.Release|Any CPU.Build.0 = Release|Any CPU
		{8633392E-4E5E-418E-8B76-4759D5E5C22F}.Debug|Any CPU.ActiveCfg = Debug|Any CPU
		{8633392E-4E5E-418E-8B76-4759D5E5C22F}.Debug|Any CPU.Build.0 = Debug|Any CPU
		{8633392E-4E5E-418E-8B76-4759D5E5C22F}.Release|Any CPU.ActiveCfg = Release|Any CPU
		{8633392E-4E5E-418E-8B76-4759D5E5C22F}.Release|Any CPU.Build.0 = Release|Any CPU
	EndGlobalSection
	GlobalSection(SolutionProperties) = preSolution
		HideSolutionNode = FALSE
	EndGlobalSection
	GlobalSection(ExtensibilityGlobals) = postSolution
		SolutionGuid = {9754B3ED-78A2-45AD-8C0D-FF0B89497797}
	EndGlobalSection
EndGlobal
